
Microsoft Visual Studio Solution File, Format Version 12.00
# Visual Studio Version 16
VisualStudioVersion = 16.0.30621.155
MinimumVisualStudioVersion = 10.0.40219.1
Project("{FAE04EC0-301F-11D3-BF4B-00C04F79EFBC}") = "Q1", "Q1\Q1.csproj", "{A31EE46A-25C6-4B84-ACE8-F0A4947CB50A}"
EndProject
Global
	GlobalSection(SolutionConfigurationPlatforms) = preSolution
		Debug|Any CPU = Debug|Any CPU
		Release|Any CPU = Release|Any CPU
	EndGlobalSection
	GlobalSection(ProjectConfigurationPlatforms) = postSolution
		{A31EE46A-25C6-4B84-ACE8-F0A4947CB50A}.Debug|Any CPU.ActiveCfg = Debug|Any CPU
		{A31EE46A-25C6-4B84-ACE8-F0A4947CB50A}.Debug|Any CPU.Build.0 = Debug|Any CPU
		{A31EE46A-25C6-4B84-ACE8-F0A4947CB50A}.Release|Any CPU.ActiveCfg = Release|Any CPU
		{A31EE46A-25C6-4B84-ACE8-F0A4947CB50A}.Release|Any CPU.Build.0 = Release|Any CPU
	EndGlobalSection
	GlobalSection(SolutionProperties) = preSolution
		HideSolutionNode = FALSE
	EndGlobalSection
	GlobalSection(ExtensibilityGlobals) = postSolution
		SolutionGuid = {0E86C41F-A5B1-492B-A073-8F103946E0DD}
	EndGlobalSection
EndGlobal
